
Microsoft Visual Studio Solution File, Format Version 12.00
# Visual Studio Version 17
VisualStudioVersion = 17.0.31919.166
MinimumVisualStudioVersion = 10.0.40219.1
Project("{FAE04EC0-301F-11D3-BF4B-00C04F79EFBC}") = "Car_Rental", "Car_Rental\Car_Rental.csproj", "{71517208-2E47-4173-A59C-52043C1FE3F0}"
EndProject
Global
	GlobalSection(SolutionConfigurationPlatforms) = preSolution
		Debug|Any CPU = Debug|Any CPU
		Release|Any CPU = Release|Any CPU
	EndGlobalSection
	GlobalSection(ProjectConfigurationPlatforms) = postSolution
		{71517208-2E47-4173-A59C-52043C1FE3F0}.Debug|Any CPU.ActiveCfg = Debug|Any CPU
		{71517208-2E47-4173-A59C-52043C1FE3F0}.Debug|Any CPU.Build.0 = Debug|Any CPU
		{71517208-2E47-4173-A59C-52043C1FE3F0}.Release|Any CPU.ActiveCfg = Release|Any CPU
		{71517208-2E47-4173-A59C-52043C1FE3F0}.Release|Any CPU.Build.0 = Release|Any CPU
	EndGlobalSection
	GlobalSection(SolutionProperties) = preSolution
		HideSolutionNode = FALSE
	EndGlobalSection
	GlobalSection(ExtensibilityGlobals) = postSolution
		SolutionGuid = {1AA6D53A-3A93-42FD-A77B-5D05AA77E3AC}
	EndGlobalSection
EndGlobal
